
Microsoft Visual Studio Solution File, Format Version 12.00
# Visual Studio 15
VisualStudioVersion = 15.0.28307.489
MinimumVisualStudioVersion = 10.0.40219.1
Project("{F2A71F9B-5D33-465A-A702-920D77279786}") = "nats-publisher", "nats-publisher\nats-publisher.fsproj", "{37126A43-3942-44DE-A19A-C0EA366B998A}"
EndProject
Project("{F2A71F9B-5D33-465A-A702-920D77279786}") = "nats-subscriber", "nats-subscriber\nats-subscriber.fsproj", "{49EF3D3F-1F2D-44C5-872E-475839AE949B}"
EndProject
Global
	GlobalSection(SolutionConfigurationPlatforms) = preSolution
		Debug|Any CPU = Debug|Any CPU
		Release|Any CPU = Release|Any CPU
	EndGlobalSection
	GlobalSection(ProjectConfigurationPlatforms) = postSolution
		{37126A43-3942-44DE-A19A-C0EA366B998A}.Debug|Any CPU.ActiveCfg = Debug|Any CPU
		{37126A43-3942-44DE-A19A-C0EA366B998A}.Debug|Any CPU.Build.0 = Debug|Any CPU
		{37126A43-3942-44DE-A19A-C0EA366B998A}.Release|Any CPU.ActiveCfg = Release|Any CPU
		{37126A43-3942-44DE-A19A-C0EA366B998A}.Release|Any CPU.Build.0 = Release|Any CPU
		{49EF3D3F-1F2D-44C5-872E-475839AE949B}.Debug|Any CPU.ActiveCfg = Debug|Any CPU
		{49EF3D3F-1F2D-44C5-872E-475839AE949B}.Debug|Any CPU.Build.0 = Debug|Any CPU
		{49EF3D3F-1F2D-44C5-872E-475839AE949B}.Release|Any CPU.ActiveCfg = Release|Any CPU
		{49EF3D3F-1F2D-44C5-872E-475839AE949B}.Release|Any CPU.Build.0 = Release|Any CPU
	EndGlobalSection
	GlobalSection(SolutionProperties) = preSolution
		HideSolutionNode = FALSE
	EndGlobalSection
	GlobalSection(ExtensibilityGlobals) = postSolution
		SolutionGuid = {0DAD2898-E484-4190-9267-A1AAEF708B2E}
	EndGlobalSection
EndGlobal
